// !$*UTF8*$!
{
	archiveVersion = 1;
	classes = {
	};
	objectVersion = 46;
	objects = {

/* Begin PBXBuildFile section */
		E308A7691E62969700F803C8 /* EventDetailViewController.swift in Sources */ = {isa = PBXBuildFile; fileRef = E308A7681E62969700F803C8 /* EventDetailViewController.swift */; };
		E308A76B1E6296D500F803C8 /* EventListViewController.swift in Sources */ = {isa = PBXBuildFile; fileRef = E308A76A1E6296D500F803C8 /* EventListViewController.swift */; };
		E308A76D1E6296E300F803C8 /* AddOccurrenceViewController.swift in Sources */ = {isa = PBXBuildFile; fileRef = E308A76C1E6296E300F803C8 /* AddOccurrenceViewController.swift */; };
		E308A76F1E6296F100F803C8 /* ProfilesViewController.swift in Sources */ = {isa = PBXBuildFile; fileRef = E308A76E1E6296F100F803C8 /* ProfilesViewController.swift */; };
		E308A7711E62970500F803C8 /* ProfileDetailViewController.swift in Sources */ = {isa = PBXBuildFile; fileRef = E308A7701E62970500F803C8 /* ProfileDetailViewController.swift */; };
		E308A7731E62971400F803C8 /* SettingsViewController.swift in Sources */ = {isa = PBXBuildFile; fileRef = E308A7721E62971400F803C8 /* SettingsViewController.swift */; };
		E308A7751E62971F00F803C8 /* SettingDetailViewController.swift in Sources */ = {isa = PBXBuildFile; fileRef = E308A7741E62971F00F803C8 /* SettingDetailViewController.swift */; };
		E34A89B21E5D477D00D471A7 /* MarckScript-Regular.ttf in Resources */ = {isa = PBXBuildFile; fileRef = E34A89B11E5D477D00D471A7 /* MarckScript-Regular.ttf */; };
		E34A89B41E5D4A3200D471A7 /* SigmarOne.ttf in Resources */ = {isa = PBXBuildFile; fileRef = E34A89B31E5D4A3200D471A7 /* SigmarOne.ttf */; };
		E34A89B61E5D4B6F00D471A7 /* Handlee-Regular.ttf in Resources */ = {isa = PBXBuildFile; fileRef = E34A89B51E5D4B6F00D471A7 /* Handlee-Regular.ttf */; };
		E36043911E56A2E40011B0B7 /* AppDelegate.swift in Sources */ = {isa = PBXBuildFile; fileRef = E36043901E56A2E40011B0B7 /* AppDelegate.swift */; };
		E36043931E56A2E40011B0B7 /* HomeViewController.swift in Sources */ = {isa = PBXBuildFile; fileRef = E36043921E56A2E40011B0B7 /* HomeViewController.swift */; };
		E36043961E56A2E40011B0B7 /* Main.storyboard in Resources */ = {isa = PBXBuildFile; fileRef = E36043941E56A2E40011B0B7 /* Main.storyboard */; };
		E36043981E56A2E40011B0B7 /* Assets.xcassets in Resources */ = {isa = PBXBuildFile; fileRef = E36043971E56A2E40011B0B7 /* Assets.xcassets */; };
		E360439B1E56A2E40011B0B7 /* LaunchScreen.storyboard in Resources */ = {isa = PBXBuildFile; fileRef = E36043991E56A2E40011B0B7 /* LaunchScreen.storyboard */; };
/* End PBXBuildFile section */

/* Begin PBXFileReference section */
		E308A7681E62969700F803C8 /* EventDetailViewController.swift */ = {isa = PBXFileReference; fileEncoding = 4; lastKnownFileType = sourcecode.swift; path = EventDetailViewController.swift; sourceTree = "<group>"; };
		E308A76A1E6296D500F803C8 /* EventListViewController.swift */ = {isa = PBXFileReference; fileEncoding = 4; lastKnownFileType = sourcecode.swift; path = EventListViewController.swift; sourceTree = "<group>"; };
		E308A76C1E6296E300F803C8 /* AddOccurrenceViewController.swift */ = {isa = PBXFileReference; fileEncoding = 4; lastKnownFileType = sourcecode.swift; path = AddOccurrenceViewController.swift; sourceTree = "<group>"; };
		E308A76E1E6296F100F803C8 /* ProfilesViewController.swift */ = {isa = PBXFileReference; fileEncoding = 4; lastKnownFileType = sourcecode.swift; path = ProfilesViewController.swift; sourceTree = "<group>"; };
		E308A7701E62970500F803C8 /* ProfileDetailViewController.swift */ = {isa = PBXFileReference; fileEncoding = 4; lastKnownFileType = sourcecode.swift; path = ProfileDetailViewController.swift; sourceTree = "<group>"; };
		E308A7721E62971400F803C8 /* SettingsViewController.swift */ = {isa = PBXFileReference; fileEncoding = 4; lastKnownFileType = sourcecode.swift; path = SettingsViewController.swift; sourceTree = "<group>"; };
		E308A7741E62971F00F803C8 /* SettingDetailViewController.swift */ = {isa = PBXFileReference; fileEncoding = 4; lastKnownFileType = sourcecode.swift; path = SettingDetailViewController.swift; sourceTree = "<group>"; };
		E34A89B11E5D477D00D471A7 /* MarckScript-Regular.ttf */ = {isa = PBXFileReference; lastKnownFileType = file; path = "MarckScript-Regular.ttf"; sourceTree = "<group>"; };
		E34A89B31E5D4A3200D471A7 /* SigmarOne.ttf */ = {isa = PBXFileReference; lastKnownFileType = file; path = SigmarOne.ttf; sourceTree = "<group>"; };
		E34A89B51E5D4B6F00D471A7 /* Handlee-Regular.ttf */ = {isa = PBXFileReference; lastKnownFileType = file; path = "Handlee-Regular.ttf"; sourceTree = "<group>"; };
		E360438D1E56A2E40011B0B7 /* LastTrackerNew.app */ = {isa = PBXFileReference; explicitFileType = wrapper.application; includeInIndex = 0; path = LastTrackerNew.app; sourceTree = BUILT_PRODUCTS_DIR; };
		E36043901E56A2E40011B0B7 /* AppDelegate.swift */ = {isa = PBXFileReference; lastKnownFileType = sourcecode.swift; path = AppDelegate.swift; sourceTree = "<group>"; };
		E36043921E56A2E40011B0B7 /* HomeViewController.swift */ = {isa = PBXFileReference; lastKnownFileType = sourcecode.swift; path = HomeViewController.swift; sourceTree = "<group>"; };
		E36043951E56A2E40011B0B7 /* Base */ = {isa = PBXFileReference; lastKnownFileType = file.storyboard; name = Base; path = Base.lproj/Main.storyboard; sourceTree = "<group>"; };
		E36043971E56A2E40011B0B7 /* Assets.xcassets */ = {isa = PBXFileReference; lastKnownFileType = folder.assetcatalog; path = Assets.xcassets; sourceTree = "<group>"; };
		E360439A1E56A2E40011B0B7 /* Base */ = {isa = PBXFileReference; lastKnownFileType = file.storyboard; name = Base; path = Base.lproj/LaunchScreen.storyboard; sourceTree = "<group>"; };
		E360439C1E56A2E40011B0B7 /* Info.plist */ = {isa = PBXFileReference; lastKnownFileType = text.plist.xml; path = Info.plist; sourceTree = "<group>"; };
/* End PBXFileReference section */

/* Begin PBXFrameworksBuildPhase section */
		E360438A1E56A2E40011B0B7 /* Frameworks */ = {
			isa = PBXFrameworksBuildPhase;
			buildActionMask = 2147483647;
			files = (
			);
			runOnlyForDeploymentPostprocessing = 0;
		};
/* End PBXFrameworksBuildPhase section */

/* Begin PBXGroup section */
		E34A89AE1E5D464F00D471A7 /* Resources */ = {
			isa = PBXGroup;
			children = (
				E34A89B51E5D4B6F00D471A7 /* Handlee-Regular.ttf */,
				E34A89B11E5D477D00D471A7 /* MarckScript-Regular.ttf */,
				E34A89B31E5D4A3200D471A7 /* SigmarOne.ttf */,
			);
			name = Resources;
			sourceTree = "<group>";
		};
		E36043841E56A2E40011B0B7 = {
			isa = PBXGroup;
			children = (
				E360438F1E56A2E40011B0B7 /* LastTrackerNew */,
				E360438E1E56A2E40011B0B7 /* Products */,
			);
			sourceTree = "<group>";
		};
		E360438E1E56A2E40011B0B7 /* Products */ = {
			isa = PBXGroup;
			children = (
				E360438D1E56A2E40011B0B7 /* LastTrackerNew.app */,
			);
			name = Products;
			sourceTree = "<group>";
		};
		E360438F1E56A2E40011B0B7 /* LastTrackerNew */ = {
			isa = PBXGroup;
			children = (
				E34A89AE1E5D464F00D471A7 /* Resources */,
				E36043901E56A2E40011B0B7 /* AppDelegate.swift */,
				E36043941E56A2E40011B0B7 /* Main.storyboard */,
				E36043921E56A2E40011B0B7 /* HomeViewController.swift */,
				E308A7681E62969700F803C8 /* EventDetailViewController.swift */,
				E308A76A1E6296D500F803C8 /* EventListViewController.swift */,
				E308A76C1E6296E300F803C8 /* AddOccurrenceViewController.swift */,
				E308A76E1E6296F100F803C8 /* ProfilesViewController.swift */,
				E308A7701E62970500F803C8 /* ProfileDetailViewController.swift */,
				E308A7721E62971400F803C8 /* SettingsViewController.swift */,
				E308A7741E62971F00F803C8 /* SettingDetailViewController.swift */,
				E36043971E56A2E40011B0B7 /* Assets.xcassets */,
				E36043991E56A2E40011B0B7 /* LaunchScreen.storyboard */,
				E360439C1E56A2E40011B0B7 /* Info.plist */,
			);
			path = LastTrackerNew;
			sourceTree = "<group>";
		};
/* End PBXGroup section */

/* Begin PBXNativeTarget section */
		E360438C1E56A2E40011B0B7 /* LastTrackerNew */ = {
			isa = PBXNativeTarget;
			buildConfigurationList = E360439F1E56A2E40011B0B7 /* Build configuration list for PBXNativeTarget "LastTrackerNew" */;
			buildPhases = (
				E36043891E56A2E40011B0B7 /* Sources */,
				E360438A1E56A2E40011B0B7 /* Frameworks */,
				E360438B1E56A2E40011B0B7 /* Resources */,
			);
			buildRules = (
			);
			dependencies = (
			);
			name = LastTrackerNew;
			productName = LastTrackerNew;
			productReference = E360438D1E56A2E40011B0B7 /* LastTrackerNew.app */;
			productType = "com.apple.product-type.application";
		};
/* End PBXNativeTarget section */

/* Begin PBXProject section */
		E36043851E56A2E40011B0B7 /* Project object */ = {
			isa = PBXProject;
			attributes = {
				LastSwiftUpdateCheck = 0820;
				LastUpgradeCheck = 0820;
				ORGANIZATIONNAME = "Kristi Bostrom";
				TargetAttributes = {
					E360438C1E56A2E40011B0B7 = {
						CreatedOnToolsVersion = 8.2.1;
						ProvisioningStyle = Automatic;
					};
				};
			};
			buildConfigurationList = E36043881E56A2E40011B0B7 /* Build configuration list for PBXProject "LastTrackerNew" */;
			compatibilityVersion = "Xcode 3.2";
			developmentRegion = English;
			hasScannedForEncodings = 0;
			knownRegions = (
				en,
				Base,
			);
			mainGroup = E36043841E56A2E40011B0B7;
			productRefGroup = E360438E1E56A2E40011B0B7 /* Products */;
			projectDirPath = "";
			projectRoot = "";
			targets = (
				E360438C1E56A2E40011B0B7 /* LastTrackerNew */,
			);
		};
/* End PBXProject section */

/* Begin PBXResourcesBuildPhase section */
		E360438B1E56A2E40011B0B7 /* Resources */ = {
			isa = PBXResourcesBuildPhase;
			buildActionMask = 2147483647;
			files = (
				E360439B1E56A2E40011B0B7 /* LaunchScreen.storyboard in Resources */,
				E34A89B61E5D4B6F00D471A7 /* Handlee-Regular.ttf in Resources */,
				E34A89B21E5D477D00D471A7 /* MarckScript-Regular.ttf in Resources */,
				E36043981E56A2E40011B0B7 /* Assets.xcassets in Resources */,
				E34A89B41E5D4A3200D471A7 /* SigmarOne.ttf in Resources */,
				E36043961E56A2E40011B0B7 /* Main.storyboard in Resources */,
			);
			runOnlyForDeploymentPostprocessing = 0;
		};
/* End PBXResourcesBuildPhase section */

/* Begin PBXSourcesBuildPhase section */
		E36043891E56A2E40011B0B7 /* Sources */ = {
			isa = PBXSourcesBuildPhase;
			buildActionMask = 2147483647;
			files = (
				E308A76D1E6296E300F803C8 /* AddOccurrenceViewController.swift in Sources */,
				E308A7691E62969700F803C8 /* EventDetailViewController.swift in Sources */,
				E308A76B1E6296D500F803C8 /* EventListViewController.swift in Sources */,
				E36043931E56A2E40011B0B7 /* HomeViewController.swift in Sources */,
				E308A7751E62971F00F803C8 /* SettingDetailViewController.swift in Sources */,
				E308A76F1E6296F100F803C8 /* ProfilesViewController.swift in Sources */,
				E308A7711E62970500F803C8 /* ProfileDetailViewController.swift in Sources */,
				E36043911E56A2E40011B0B7 /* AppDelegate.swift in Sources */,
				E308A7731E62971400F803C8 /* SettingsViewController.swift in Sources */,
			);
			runOnlyForDeploymentPostprocessing = 0;
		};
/* End PBXSourcesBuildPhase section */

/* Begin PBXVariantGroup section */
		E36043941E56A2E40011B0B7 /* Main.storyboard */ = {
			isa = PBXVariantGroup;
			children = (
				E36043951E56A2E40011B0B7 /* Base */,
			);
			name = Main.storyboard;
			sourceTree = "<group>";
		};
		E36043991E56A2E40011B0B7 /* LaunchScreen.storyboard */ = {
			isa = PBXVariantGroup;
			children = (
				E360439A1E56A2E40011B0B7 /* Base */,
			);
			name = LaunchScreen.storyboard;
			sourceTree = "<group>";
		};
/* End PBXVariantGroup section */

/* Begin XCBuildConfiguration section */
		E360439D1E56A2E40011B0B7 /* Debug */ = {
			isa = XCBuildConfiguration;
			buildSettings = {
				ALWAYS_SEARCH_USER_PATHS = NO;
				CLANG_ANALYZER_NONNULL = YES;
				CLANG_CXX_LANGUAGE_STANDARD = "gnu++0x";
				CLANG_CXX_LIBRARY = "libc++";
				CLANG_ENABLE_MODULES = YES;
				CLANG_ENABLE_OBJC_ARC = YES;
				CLANG_WARN_BOOL_CONVERSION = YES;
				CLANG_WARN_CONSTANT_CONVERSION = YES;
				CLANG_WARN_DIRECT_OBJC_ISA_USAGE = YES_ERROR;
				CLANG_WARN_DOCUMENTATION_COMMENTS = YES;
				CLANG_WARN_EMPTY_BODY = YES;
				CLANG_WARN_ENUM_CONVERSION = YES;
				CLANG_WARN_INFINITE_RECURSION = YES;
				CLANG_WARN_INT_CONVERSION = YES;
				CLANG_WARN_OBJC_ROOT_CLASS = YES_ERROR;
				CLANG_WARN_SUSPICIOUS_MOVE = YES;
				CLANG_WARN_UNREACHABLE_CODE = YES;
				CLANG_WARN__DUPLICATE_METHOD_MATCH = YES;
				"CODE_SIGN_IDENTITY[sdk=iphoneos*]" = "iPhone Developer";
				COPY_PHASE_STRIP = NO;
				DEBUG_INFORMATION_FORMAT = dwarf;
				ENABLE_STRICT_OBJC_MSGSEND = YES;
				ENABLE_TESTABILITY = YES;
				GCC_C_LANGUAGE_STANDARD = gnu99;
				GCC_DYNAMIC_NO_PIC = NO;
				GCC_NO_COMMON_BLOCKS = YES;
				GCC_OPTIMIZATION_LEVEL = 0;
				GCC_PREPROCESSOR_DEFINITIONS = (
					"DEBUG=1",
					"$(inherited)",
				);
				GCC_WARN_64_TO_32_BIT_CONVERSION = YES;
				GCC_WARN_ABOUT_RETURN_TYPE = YES_ERROR;
				GCC_WARN_UNDECLARED_SELECTOR = YES;
				GCC_WARN_UNINITIALIZED_AUTOS = YES_AGGRESSIVE;
				GCC_WARN_UNUSED_FUNCTION = YES;
				GCC_WARN_UNUSED_VARIABLE = YES;
				IPHONEOS_DEPLOYMENT_TARGET = 10.2;
				MTL_ENABLE_DEBUG_INFO = YES;
				ONLY_ACTIVE_ARCH = YES;
				SDKROOT = iphoneos;
				SWIFT_ACTIVE_COMPILATION_CONDITIONS = DEBUG;
				SWIFT_OPTIMIZATION_LEVEL = "-Onone";
				TARGETED_DEVICE_FAMILY = "1,2";
			};
			name = Debug;
		};
		E360439E1E56A2E40011B0B7 /* Release */ = {
			isa = XCBuildConfiguration;
			buildSettings = {
				ALWAYS_SEARCH_USER_PATHS = NO;
				CLANG_ANALYZER_NONNULL = YES;
				CLANG_CXX_LANGUAGE_STANDARD = "gnu++0x";
				CLANG_CXX_LIBRARY = "libc++";
				CLANG_ENABLE_MODULES = YES;
				CLANG_ENABLE_OBJC_ARC = YES;
				CLANG_WARN_BOOL_CONVERSION = YES;
				CLANG_WARN_CONSTANT_CONVERSION = YES;
				CLANG_WARN_DIRECT_OBJC_ISA_USAGE = YES_ERROR;
				CLANG_WARN_DOCUMENTATION_COMMENTS = YES;
				CLANG_WARN_EMPTY_BODY = YES;
				CLANG_WARN_ENUM_CONVERSION = YES;
				CLANG_WARN_INFINITE_RECURSION = YES;
				CLANG_WARN_INT_CONVERSION = YES;
				CLANG_WARN_OBJC_ROOT_CLASS = YES_ERROR;
				CLANG_WARN_SUSPICIOUS_MOVE = YES;
				CLANG_WARN_UNREACHABLE_CODE = YES;
				CLANG_WARN__DUPLICATE_METHOD_MATCH = YES;
				"CODE_SIGN_IDENTITY[sdk=iphoneos*]" = "iPhone Developer";
				COPY_PHASE_STRIP = NO;
				DEBUG_INFORMATION_FORMAT = "dwarf-with-dsym";
				ENABLE_NS_ASSERTIONS = NO;
				ENABLE_STRICT_OBJC_MSGSEND = YES;
				GCC_C_LANGUAGE_STANDARD = gnu99;
				GCC_NO_COMMON_BLOCKS = YES;
				GCC_WARN_64_TO_32_BIT_CONVERSION = YES;
				GCC_WARN_ABOUT_RETURN_TYPE = YES_ERROR;
				GCC_WARN_UNDECLARED_SELECTOR = YES;
				GCC_WARN_UNINITIALIZED_AUTOS = YES_AGGRESSIVE;
				GCC_WARN_UNUSED_FUNCTION = YES;
				GCC_WARN_UNUSED_VARIABLE = YES;
				IPHONEOS_DEPLOYMENT_TARGET = 10.2;
				MTL_ENABLE_DEBUG_INFO = NO;
				SDKROOT = iphoneos;
				SWIFT_OPTIMIZATION_LEVEL = "-Owholemodule";
				TARGETED_DEVICE_FAMILY = "1,2";
				VALIDATE_PRODUCT = YES;
			};
			name = Release;
		};
		E36043A01E56A2E40011B0B7 /* Debug */ = {
			isa = XCBuildConfiguration;
			buildSettings = {
				ASSETCATALOG_COMPILER_APPICON_NAME = AppIcon;
				INFOPLIST_FILE = LastTrackerNew/Info.plist;
				LD_RUNPATH_SEARCH_PATHS = "$(inherited) @executable_path/Frameworks";
				PRODUCT_BUNDLE_IDENTIFIER = com.kristibostrom.LastTrackerNew;
				PRODUCT_NAME = "$(TARGET_NAME)";
				SWIFT_VERSION = 3.0;
			};
			name = Debug;
		};
		E36043A11E56A2E40011B0B7 /* Release */ = {
			isa = XCBuildConfiguration;
			buildSettings = {
				ASSETCATALOG_COMPILER_APPICON_NAME = AppIcon;
				INFOPLIST_FILE = LastTrackerNew/Info.plist;
				LD_RUNPATH_SEARCH_PATHS = "$(inherited) @executable_path/Frameworks";
				PRODUCT_BUNDLE_IDENTIFIER = com.kristibostrom.LastTrackerNew;
				PRODUCT_NAME = "$(TARGET_NAME)";
				SWIFT_VERSION = 3.0;
			};
			name = Release;
		};
/* End XCBuildConfiguration section */

/* Begin XCConfigurationList section */
		E36043881E56A2E40011B0B7 /* Build configuration list for PBXProject "LastTrackerNew" */ = {
			isa = XCConfigurationList;
			buildConfigurations = (
				E360439D1E56A2E40011B0B7 /* Debug */,
				E360439E1E56A2E40011B0B7 /* Release */,
			);
			defaultConfigurationIsVisible = 0;
			defaultConfigurationName = Release;
		};
		E360439F1E56A2E40011B0B7 /* Build configuration list for PBXNativeTarget "LastTrackerNew" */ = {
			isa = XCConfigurationList;
			buildConfigurations = (
				E36043A01E56A2E40011B0B7 /* Debug */,
				E36043A11E56A2E40011B0B7 /* Release */,
			);
			defaultConfigurationIsVisible = 0;
			defaultConfigurationName = Release;
		};
/* End XCConfigurationList section */
	};
	rootObject = E36043851E56A2E40011B0B7 /* Project object */;
}
